
Microsoft Visual Studio Solution File, Format Version 12.00
# Visual Studio Version 17
VisualStudioVersion = 17.4.33213.308
MinimumVisualStudioVersion = 10.0.40219.1
Project("{FAE04EC0-301F-11D3-BF4B-00C04F79EFBC}") = "CRUDwithAngular", "CRUDwithAngular.csproj", "{91A04858-1D08-4760-93EB-3A7009551530}"
EndProject
Global
	GlobalSection(SolutionConfigurationPlatforms) = preSolution
		Debug|Any CPU = Debug|Any CPU
		Release|Any CPU = Release|Any CPU
	EndGlobalSection
	GlobalSection(ProjectConfigurationPlatforms) = postSolution
		{91A04858-1D08-4760-93EB-3A7009551530}.Debug|Any CPU.ActiveCfg = Debug|Any CPU
		{91A04858-1D08-4760-93EB-3A7009551530}.Debug|Any CPU.Build.0 = Debug|Any CPU
		{91A04858-1D08-4760-93EB-3A7009551530}.Release|Any CPU.ActiveCfg = Release|Any CPU
		{91A04858-1D08-4760-93EB-3A7009551530}.Release|Any CPU.Build.0 = Release|Any CPU
	EndGlobalSection
	GlobalSection(SolutionProperties) = preSolution
		HideSolutionNode = FALSE
	EndGlobalSection
	GlobalSection(ExtensibilityGlobals) = postSolution
		SolutionGuid = {84C99FDF-175A-4FEB-82C4-E57418ACE293}
	EndGlobalSection
EndGlobal
